
Microsoft Visual Studio Solution File, Format Version 12.00
# Visual Studio Version 17
VisualStudioVersion = 17.9.34728.123
MinimumVisualStudioVersion = 10.0.40219.1
Project("{FAE04EC0-301F-11D3-BF4B-00C04F79EFBC}") = "JWT", "JWT\JWT.csproj", "{B4B7B941-8E59-4C94-AD83-3BE5FE580934}"
EndProject
Global
	GlobalSection(SolutionConfigurationPlatforms) = preSolution
		Debug|Any CPU = Debug|Any CPU
		Release|Any CPU = Release|Any CPU
	EndGlobalSection
	GlobalSection(ProjectConfigurationPlatforms) = postSolution
		{B4B7B941-8E59-4C94-AD83-3BE5FE580934}.Debug|Any CPU.ActiveCfg = Debug|Any CPU
		{B4B7B941-8E59-4C94-AD83-3BE5FE580934}.Debug|Any CPU.Build.0 = Debug|Any CPU
		{B4B7B941-8E59-4C94-AD83-3BE5FE580934}.Release|Any CPU.ActiveCfg = Release|Any CPU
		{B4B7B941-8E59-4C94-AD83-3BE5FE580934}.Release|Any CPU.Build.0 = Release|Any CPU
	EndGlobalSection
	GlobalSection(SolutionProperties) = preSolution
		HideSolutionNode = FALSE
	EndGlobalSection
	GlobalSection(ExtensibilityGlobals) = postSolution
		SolutionGuid = {F852BB17-A452-4B7C-B91E-59C03D783598}
	EndGlobalSection
EndGlobal
